
Microsoft Visual Studio Solution File, Format Version 12.00
# Visual Studio Version 16
VisualStudioVersion = 16.0.29519.181
MinimumVisualStudioVersion = 10.0.40219.1
Project("{FAE04EC0-301F-11D3-BF4B-00C04F79EFBC}") = "MVCWebPresentationLayer", "MAETS\MVCWebPresentationLayer.csproj", "{D25E7E99-5427-4437-994F-6DAB55B29A11}"
EndProject
Project("{FAE04EC0-301F-11D3-BF4B-00C04F79EFBC}") = "DTO", "DTO\DTO.csproj", "{D8A53972-C376-4747-8197-1C775BF7576A}"
EndProject
Project("{FAE04EC0-301F-11D3-BF4B-00C04F79EFBC}") = "DAO", "DAO\DAO.csproj", "{03DF4056-F212-4C83-9C58-3933B1C7030B}"
EndProject
Project("{FAE04EC0-301F-11D3-BF4B-00C04F79EFBC}") = "BLL", "BLL\BLL.csproj", "{383898EB-756E-424E-B09A-A9A8F387DCF4}"
EndProject
Project("{FAE04EC0-301F-11D3-BF4B-00C04F79EFBC}") = "Common", "Common\Common.csproj", "{43A4B4C0-BA06-4C7B-99F3-AEA8B8F868BC}"
EndProject
Global
	GlobalSection(SolutionConfigurationPlatforms) = preSolution
		Debug|Any CPU = Debug|Any CPU
		Release|Any CPU = Release|Any CPU
	EndGlobalSection
	GlobalSection(ProjectConfigurationPlatforms) = postSolution
		{D25E7E99-5427-4437-994F-6DAB55B29A11}.Debug|Any CPU.ActiveCfg = Debug|Any CPU
		{D25E7E99-5427-4437-994F-6DAB55B29A11}.Debug|Any CPU.Build.0 = Debug|Any CPU
		{D25E7E99-5427-4437-994F-6DAB55B29A11}.Release|Any CPU.ActiveCfg = Release|Any CPU
		{D25E7E99-5427-4437-994F-6DAB55B29A11}.Release|Any CPU.Build.0 = Release|Any CPU
		{D8A53972-C376-4747-8197-1C775BF7576A}.Debug|Any CPU.ActiveCfg = Debug|Any CPU
		{D8A53972-C376-4747-8197-1C775BF7576A}.Debug|Any CPU.Build.0 = Debug|Any CPU
		{D8A53972-C376-4747-8197-1C775BF7576A}.Release|Any CPU.ActiveCfg = Release|Any CPU
		{D8A53972-C376-4747-8197-1C775BF7576A}.Release|Any CPU.Build.0 = Release|Any CPU
		{03DF4056-F212-4C83-9C58-3933B1C7030B}.Debug|Any CPU.ActiveCfg = Debug|Any CPU
		{03DF4056-F212-4C83-9C58-3933B1C7030B}.Debug|Any CPU.Build.0 = Debug|Any CPU
		{03DF4056-F212-4C83-9C58-3933B1C7030B}.Release|Any CPU.ActiveCfg = Release|Any CPU
		{03DF4056-F212-4C83-9C58-3933B1C7030B}.Release|Any CPU.Build.0 = Release|Any CPU
		{383898EB-756E-424E-B09A-A9A8F387DCF4}.Debug|Any CPU.ActiveCfg = Debug|Any CPU
		{383898EB-756E-424E-B09A-A9A8F387DCF4}.Debug|Any CPU.Build.0 = Debug|Any CPU
		{383898EB-756E-424E-B09A-A9A8F387DCF4}.Release|Any CPU.ActiveCfg = Release|Any CPU
		{383898EB-756E-424E-B09A-A9A8F387DCF4}.Release|Any CPU.Build.0 = Release|Any CPU
		{43A4B4C0-BA06-4C7B-99F3-AEA8B8F868BC}.Debug|Any CPU.ActiveCfg = Debug|Any CPU
		{43A4B4C0-BA06-4C7B-99F3-AEA8B8F868BC}.Debug|Any CPU.Build.0 = Debug|Any CPU
		{43A4B4C0-BA06-4C7B-99F3-AEA8B8F868BC}.Release|Any CPU.ActiveCfg = Release|Any CPU
		{43A4B4C0-BA06-4C7B-99F3-AEA8B8F868BC}.Release|Any CPU.Build.0 = Release|Any CPU
	EndGlobalSection
	GlobalSection(SolutionProperties) = preSolution
		HideSolutionNode = FALSE
	EndGlobalSection
	GlobalSection(ExtensibilityGlobals) = postSolution
		SolutionGuid = {F34449A1-F026-400A-B64E-F01B03039BBD}
	EndGlobalSection
EndGlobal
